
Microsoft Visual Studio Solution File, Format Version 12.00
# Visual Studio Version 17
VisualStudioVersion = 17.0.31903.59
MinimumVisualStudioVersion = 10.0.40219.1
Project("{9A19103F-16F7-4668-BE54-9A1E7A4F7556}") = "BillReimbursement", "BillReimbursement\BillReimbursement.csproj", "{14F4ED66-4F64-4459-9386-08DD1BD8A672}"
EndProject
Project("{9A19103F-16F7-4668-BE54-9A1E7A4F7556}") = "BillReimbursement.Repository", "BillReimbursement.Repository\BillReimbursement.Repository.csproj", "{F9AE1967-A526-4CCA-8A44-12AB315C169E}"
EndProject
Project("{9A19103F-16F7-4668-BE54-9A1E7A4F7556}") = "BillReimbursement.Service", "BillReimbursement.Service\BillReimbursement.Service.csproj", "{11B3912E-3D17-4FF0-813B-7CB942E8FDE7}"
EndProject
Project("{FAE04EC0-301F-11D3-BF4B-00C04F79EFBC}") = "BillReimbursement.Tests", "BillReimbursement.Tests\BillReimbursement.Tests.csproj", "{37351F5D-CF0E-4499-A1FB-B041A231B1BB}"
EndProject
Global
	GlobalSection(SolutionConfigurationPlatforms) = preSolution
		Debug|Any CPU = Debug|Any CPU
		Release|Any CPU = Release|Any CPU
	EndGlobalSection
	GlobalSection(ProjectConfigurationPlatforms) = postSolution
		{14F4ED66-4F64-4459-9386-08DD1BD8A672}.Debug|Any CPU.ActiveCfg = Debug|Any CPU
		{14F4ED66-4F64-4459-9386-08DD1BD8A672}.Debug|Any CPU.Build.0 = Debug|Any CPU
		{14F4ED66-4F64-4459-9386-08DD1BD8A672}.Release|Any CPU.ActiveCfg = Release|Any CPU
		{14F4ED66-4F64-4459-9386-08DD1BD8A672}.Release|Any CPU.Build.0 = Release|Any CPU
		{F9AE1967-A526-4CCA-8A44-12AB315C169E}.Debug|Any CPU.ActiveCfg = Debug|Any CPU
		{F9AE1967-A526-4CCA-8A44-12AB315C169E}.Debug|Any CPU.Build.0 = Debug|Any CPU
		{F9AE1967-A526-4CCA-8A44-12AB315C169E}.Release|Any CPU.ActiveCfg = Release|Any CPU
		{F9AE1967-A526-4CCA-8A44-12AB315C169E}.Release|Any CPU.Build.0 = Release|Any CPU
		{11B3912E-3D17-4FF0-813B-7CB942E8FDE7}.Debug|Any CPU.ActiveCfg = Debug|Any CPU
		{11B3912E-3D17-4FF0-813B-7CB942E8FDE7}.Debug|Any CPU.Build.0 = Debug|Any CPU
		{11B3912E-3D17-4FF0-813B-7CB942E8FDE7}.Release|Any CPU.ActiveCfg = Release|Any CPU
		{11B3912E-3D17-4FF0-813B-7CB942E8FDE7}.Release|Any CPU.Build.0 = Release|Any CPU
		{37351F5D-CF0E-4499-A1FB-B041A231B1BB}.Debug|Any CPU.ActiveCfg = Debug|Any CPU
		{37351F5D-CF0E-4499-A1FB-B041A231B1BB}.Debug|Any CPU.Build.0 = Debug|Any CPU
		{37351F5D-CF0E-4499-A1FB-B041A231B1BB}.Release|Any CPU.ActiveCfg = Release|Any CPU
		{37351F5D-CF0E-4499-A1FB-B041A231B1BB}.Release|Any CPU.Build.0 = Release|Any CPU
	EndGlobalSection
	GlobalSection(SolutionProperties) = preSolution
		HideSolutionNode = FALSE
	EndGlobalSection
	GlobalSection(ExtensibilityGlobals) = postSolution
		SolutionGuid = {123568B8-6817-4A20-8E4F-59EAA246FD05}
	EndGlobalSection
EndGlobal
